
Microsoft Visual Studio Solution File, Format Version 12.00
# Visual Studio Version 17
VisualStudioVersion = 17.8.34309.116
MinimumVisualStudioVersion = 10.0.40219.1
Project("{FAE04EC0-301F-11D3-BF4B-00C04F79EFBC}") = "Lab2", "Lab2\Lab2.csproj", "{82AB0279-9382-4E13-8EFE-9EF46E22E252}"
EndProject
Global
	GlobalSection(SolutionConfigurationPlatforms) = preSolution
		Debug|Any CPU = Debug|Any CPU
		Release|Any CPU = Release|Any CPU
	EndGlobalSection
	GlobalSection(ProjectConfigurationPlatforms) = postSolution
		{82AB0279-9382-4E13-8EFE-9EF46E22E252}.Debug|Any CPU.ActiveCfg = Debug|Any CPU
		{82AB0279-9382-4E13-8EFE-9EF46E22E252}.Debug|Any CPU.Build.0 = Debug|Any CPU
		{82AB0279-9382-4E13-8EFE-9EF46E22E252}.Release|Any CPU.ActiveCfg = Release|Any CPU
		{82AB0279-9382-4E13-8EFE-9EF46E22E252}.Release|Any CPU.Build.0 = Release|Any CPU
	EndGlobalSection
	GlobalSection(SolutionProperties) = preSolution
		HideSolutionNode = FALSE
	EndGlobalSection
	GlobalSection(ExtensibilityGlobals) = postSolution
		SolutionGuid = {AB32DA0B-13ED-40E9-8484-499034AD87C4}
	EndGlobalSection
EndGlobal
